
Microsoft Visual Studio Solution File, Format Version 12.00
# Visual Studio Version 16
VisualStudioVersion = 16.0.29318.209
MinimumVisualStudioVersion = 10.0.40219.1
Project("{FAE04EC0-301F-11D3-BF4B-00C04F79EFBC}") = "Prezzie", "Prezzie.csproj", "{EE4CD2DC-C668-4420-BD3A-6EB16453F0C2}"
EndProject
Global
	GlobalSection(SolutionConfigurationPlatforms) = preSolution
		Debug|Any CPU = Debug|Any CPU
		Release|Any CPU = Release|Any CPU
	EndGlobalSection
	GlobalSection(ProjectConfigurationPlatforms) = postSolution
		{EE4CD2DC-C668-4420-BD3A-6EB16453F0C2}.Debug|Any CPU.ActiveCfg = Debug|Any CPU
		{EE4CD2DC-C668-4420-BD3A-6EB16453F0C2}.Debug|Any CPU.Build.0 = Debug|Any CPU
		{EE4CD2DC-C668-4420-BD3A-6EB16453F0C2}.Release|Any CPU.ActiveCfg = Release|Any CPU
		{EE4CD2DC-C668-4420-BD3A-6EB16453F0C2}.Release|Any CPU.Build.0 = Release|Any CPU
	EndGlobalSection
	GlobalSection(SolutionProperties) = preSolution
		HideSolutionNode = FALSE
	EndGlobalSection
	GlobalSection(ExtensibilityGlobals) = postSolution
		SolutionGuid = {6E9813A8-C111-49EC-A45C-9B0AC94FDAB6}
	EndGlobalSection
EndGlobal
